
Microsoft Visual Studio Solution File, Format Version 12.00
# Visual Studio Version 17
VisualStudioVersion = 17.3.32901.215
MinimumVisualStudioVersion = 10.0.40219.1
Project("{8BC9CEB8-8B4A-11D0-8D11-00A0C91BC942}") = "Sparky Engine", "Sparky Engine\Sparky Engine.vcxproj", "{07874E05-1380-48C6-8915-3909EE19158A}"
EndProject
Global
	GlobalSection(SolutionConfigurationPlatforms) = preSolution
		Debug|x64 = Debug|x64
		Debug|x86 = Debug|x86
		Release|x64 = Release|x64
		Release|x86 = Release|x86
	EndGlobalSection
	GlobalSection(ProjectConfigurationPlatforms) = postSolution
		{07874E05-1380-48C6-8915-3909EE19158A}.Debug|x64.ActiveCfg = Debug|x64
		{07874E05-1380-48C6-8915-3909EE19158A}.Debug|x64.Build.0 = Debug|x64
		{07874E05-1380-48C6-8915-3909EE19158A}.Debug|x86.ActiveCfg = Debug|Win32
		{07874E05-1380-48C6-8915-3909EE19158A}.Debug|x86.Build.0 = Debug|Win32
		{07874E05-1380-48C6-8915-3909EE19158A}.Release|x64.ActiveCfg = Release|x64
		{07874E05-1380-48C6-8915-3909EE19158A}.Release|x64.Build.0 = Release|x64
		{07874E05-1380-48C6-8915-3909EE19158A}.Release|x86.ActiveCfg = Release|Win32
		{07874E05-1380-48C6-8915-3909EE19158A}.Release|x86.Build.0 = Release|Win32
	EndGlobalSection
	GlobalSection(SolutionProperties) = preSolution
		HideSolutionNode = FALSE
	EndGlobalSection
	GlobalSection(ExtensibilityGlobals) = postSolution
		SolutionGuid = {5E3C5F2D-03EF-4431-B1BD-471A9D65756D}
	EndGlobalSection
EndGlobal
